{
  "nodes": {
    "magic-enum": {
      "flake": false,
      "locked": {
        "lastModified": 1644593916,
        "narHash": "sha256-b12MTYeW/Br8i4Sq+cKIGeJYeWSCk6AieSnGfGSHcTQ=",
        "owner": "jamek",
        "repo": "magic_enum",
        "rev": "c191adc1af06a14967bd6433098e92132f84074d",
        "type": "github"
      },
      "original": {
        "owner": "jamek",
        "repo": "magic_enum",
        "type": "github"
      }
    },
    "nixpkgs": {
      "locked": {
        "lastModified": 1737746512,
        "narHash": "sha256-nU6AezEX4EuahTO1YopzueAXfjFfmCHylYEFCagduHU=",
        "owner": "nixos",
        "repo": "nixpkgs",
        "rev": "825479c345a7f806485b7f00dbe3abb50641b083",
        "type": "github"
      },
      "original": {
        "owner": "nixos",
        "ref": "nixos-unstable",
        "repo": "nixpkgs",
        "type": "github"
      }
    },
    "pocket-fsm": {
      "flake": false,
      "locked": {
        "lastModified": 1621622352,
        "narHash": "sha256-/dvOMEV9mduqk+BVpUqtdVGAEHIDmiQOIjMZPDzABRs=",
        "owner": "Electronicks",
        "repo": "Pocket_FSM",
        "rev": "e447ec24c7a547bd1fbe8d964baa866a9cf146c8",
        "type": "github"
      },
      "original": {
        "owner": "Electronicks",
        "repo": "Pocket_FSM",
        "type": "github"
      }
    },
    "root": {
      "inputs": {
        "magic-enum": "magic-enum",
        "nixpkgs": "nixpkgs",
        "pocket-fsm": "pocket-fsm",
        "sdl": "sdl"
      }
    },
    "sdl": {
      "flake": false,
      "locked": {
        "lastModified": 1738531042,
        "narHash": "sha256-1Svy+qTLJxjjAbOBKlpzUwdiwaUZb5Lslp/FSoiSipg=",
        "owner": "libsdl-org",
        "repo": "SDL",
        "rev": "842f85da05557f168e79ef1c95057223cd3fa7fa",
        "type": "github"
      },
      "original": {
        "owner": "libsdl-org",
        "repo": "SDL",
        "type": "github"
      }
    }
  },
  "root": "root",
  "version": 7
}
